// !$*UTF8*$!
{
	archiveVersion = 1;
	classes = {
	};
	objectVersion = 50;
	objects = {

/* Begin PBXBuildFile section */
		881FD0C42455ADBB00C9E3E5 /* MainViewModel.swift in Sources */ = {isa = PBXBuildFile; fileRef = 881FD0C32455ADBB00C9E3E5 /* MainViewModel.swift */; };
		881FD0C62455AF9A00C9E3E5 /* TrainRoute.swift in Sources */ = {isa = PBXBuildFile; fileRef = 881FD0C52455AF9A00C9E3E5 /* TrainRoute.swift */; };
		881FD0C82455AFCD00C9E3E5 /* Station.swift in Sources */ = {isa = PBXBuildFile; fileRef = 881FD0C72455AFCD00C9E3E5 /* Station.swift */; };
		881FD0CA2455B02700C9E3E5 /* LoadingStatus.swift in Sources */ = {isa = PBXBuildFile; fileRef = 881FD0C92455B02700C9E3E5 /* LoadingStatus.swift */; };
		881FD0CE2455B20D00C9E3E5 /* RailwayDataService.swift in Sources */ = {isa = PBXBuildFile; fileRef = 881FD0CD2455B20D00C9E3E5 /* RailwayDataService.swift */; };
		881FD0D12455CAE400C9E3E5 /* IrishRailAPI.swift in Sources */ = {isa = PBXBuildFile; fileRef = 881FD0D02455CAE400C9E3E5 /* IrishRailAPI.swift */; };
		8851BF7124546EB20091C925 /* AppDelegate.swift in Sources */ = {isa = PBXBuildFile; fileRef = 8851BF7024546EB20091C925 /* AppDelegate.swift */; };
		8851BF7324546EB20091C925 /* SceneDelegate.swift in Sources */ = {isa = PBXBuildFile; fileRef = 8851BF7224546EB20091C925 /* SceneDelegate.swift */; };
		8851BF7524546EB20091C925 /* MainViewController.swift in Sources */ = {isa = PBXBuildFile; fileRef = 8851BF7424546EB20091C925 /* MainViewController.swift */; };
		8851BF7A24546EB30091C925 /* Assets.xcassets in Resources */ = {isa = PBXBuildFile; fileRef = 8851BF7924546EB30091C925 /* Assets.xcassets */; };
		8851BF7D24546EB30091C925 /* LaunchScreen.storyboard in Resources */ = {isa = PBXBuildFile; fileRef = 8851BF7B24546EB30091C925 /* LaunchScreen.storyboard */; };
		8851BF8824546EB30091C925 /* mainViewControllerTests.swift in Sources */ = {isa = PBXBuildFile; fileRef = 8851BF8724546EB30091C925 /* mainViewControllerTests.swift */; };
		8851BF9324546EB30091C925 /* awesome_train_plannerUITests.swift in Sources */ = {isa = PBXBuildFile; fileRef = 8851BF9224546EB30091C925 /* awesome_train_plannerUITests.swift */; };
		885CB92324570A8E0077C67C /* RailwaysDataXMLParserDelegate.swift in Sources */ = {isa = PBXBuildFile; fileRef = 885CB92224570A8E0077C67C /* RailwaysDataXMLParserDelegate.swift */; };
		885CB925245722C30077C67C /* StationData.swift in Sources */ = {isa = PBXBuildFile; fileRef = 885CB924245722C30077C67C /* StationData.swift */; };
		885CB92824580D820077C67C /* RailwaysResponse.swift in Sources */ = {isa = PBXBuildFile; fileRef = 885CB92724580D820077C67C /* RailwaysResponse.swift */; };
		885CB92A245819FE0077C67C /* StationFilter.swift in Sources */ = {isa = PBXBuildFile; fileRef = 885CB929245819FE0077C67C /* StationFilter.swift */; };
		885CB92C245824080077C67C /* TrainPosition.swift in Sources */ = {isa = PBXBuildFile; fileRef = 885CB92B245824080077C67C /* TrainPosition.swift */; };
		885CB92E245829000077C67C /* TrainMovement.swift in Sources */ = {isa = PBXBuildFile; fileRef = 885CB92D245829000077C67C /* TrainMovement.swift */; };
		885CB931245869420077C67C /* MainViewController.xib in Resources */ = {isa = PBXBuildFile; fileRef = 885CB930245869420077C67C /* MainViewController.xib */; };
		88732CF62458817200627A1E /* TrainCardCell.swift in Sources */ = {isa = PBXBuildFile; fileRef = 88732CF52458817200627A1E /* TrainCardCell.swift */; };
		88732CFB245952D600627A1E /* StationsViewController.swift in Sources */ = {isa = PBXBuildFile; fileRef = 88732CFA245952D600627A1E /* StationsViewController.swift */; };
		88732CFD245952E200627A1E /* StationsViewController.xib in Resources */ = {isa = PBXBuildFile; fileRef = 88732CFC245952E200627A1E /* StationsViewController.xib */; };
		88732D002459531300627A1E /* TabBarViewController.swift in Sources */ = {isa = PBXBuildFile; fileRef = 88732CFF2459531300627A1E /* TabBarViewController.swift */; };
		88732D032459601100627A1E /* TrainsViewController.swift in Sources */ = {isa = PBXBuildFile; fileRef = 88732D022459601100627A1E /* TrainsViewController.swift */; };
		88732D052459602700627A1E /* TrainsViewController.xib in Resources */ = {isa = PBXBuildFile; fileRef = 88732D042459602700627A1E /* TrainsViewController.xib */; };
		88732D08245960A100627A1E /* TrainsViewModel.swift in Sources */ = {isa = PBXBuildFile; fileRef = 88732D07245960A100627A1E /* TrainsViewModel.swift */; };
		88732D0A245960F700627A1E /* StationsViewModel.swift in Sources */ = {isa = PBXBuildFile; fileRef = 88732D09245960F700627A1E /* StationsViewModel.swift */; };
		88732D132459BD7600627A1E /* StationCell.swift in Sources */ = {isa = PBXBuildFile; fileRef = 88732D122459BD7500627A1E /* StationCell.swift */; };
		88732D252459D06100627A1E /* StationsRouter.swift in Sources */ = {isa = PBXBuildFile; fileRef = 88732D242459D06100627A1E /* StationsRouter.swift */; };
		88732D2A245AA68500627A1E /* StationViewController.swift in Sources */ = {isa = PBXBuildFile; fileRef = 88732D29245AA68500627A1E /* StationViewController.swift */; };
		88732D2C245AA69800627A1E /* StationViewController.xib in Resources */ = {isa = PBXBuildFile; fileRef = 88732D2B245AA69800627A1E /* StationViewController.xib */; };
		88732D2E245AA6E400627A1E /* StationViewModel.swift in Sources */ = {isa = PBXBuildFile; fileRef = 88732D2D245AA6E400627A1E /* StationViewModel.swift */; };
		88732D32245AE38900627A1E /* TrainViewController.swift in Sources */ = {isa = PBXBuildFile; fileRef = 88732D31245AE38900627A1E /* TrainViewController.swift */; };
		88732D34245AE39100627A1E /* TrainViewController.xib in Resources */ = {isa = PBXBuildFile; fileRef = 88732D33245AE39100627A1E /* TrainViewController.xib */; };
		88732D37245AE42600627A1E /* TrainViewModel.swift in Sources */ = {isa = PBXBuildFile; fileRef = 88732D36245AE42600627A1E /* TrainViewModel.swift */; };
		88732D3A245AE5FC00627A1E /* TrainsRouter.swift in Sources */ = {isa = PBXBuildFile; fileRef = 88732D39245AE5FC00627A1E /* TrainsRouter.swift */; };
		88732D3E245B12F500627A1E /* TrainTrip.swift in Sources */ = {isa = PBXBuildFile; fileRef = 88732D3D245B12F500627A1E /* TrainTrip.swift */; };
		88732D40245C1B2400627A1E /* Route.swift in Sources */ = {isa = PBXBuildFile; fileRef = 88732D3F245C1B2400627A1E /* Route.swift */; };
		88732D42245D582300627A1E /* RaiwayResponseError.swift in Sources */ = {isa = PBXBuildFile; fileRef = 88732D41245D582300627A1E /* RaiwayResponseError.swift */; };
		88732D45245D63D700627A1E /* StationGraphNode.swift in Sources */ = {isa = PBXBuildFile; fileRef = 88732D44245D63D700627A1E /* StationGraphNode.swift */; };
		88732D48245EDCEA00627A1E /* Date+String.swift in Sources */ = {isa = PBXBuildFile; fileRef = 88732D47245EDCE900627A1E /* Date+String.swift */; };
		88732D4D24600E3700627A1E /* MainRouter.swift in Sources */ = {isa = PBXBuildFile; fileRef = 88732D4C24600E3700627A1E /* MainRouter.swift */; };
		88732D5424604C4700627A1E /* MockMainRouter.swift in Sources */ = {isa = PBXBuildFile; fileRef = 88732D5324604C4700627A1E /* MockMainRouter.swift */; };
		88732D5624604C8400627A1E /* MockDataService.swift in Sources */ = {isa = PBXBuildFile; fileRef = 88732D5524604C8400627A1E /* MockDataService.swift */; };
		88732D5824604CB400627A1E /* MockMainViewModel.swift in Sources */ = {isa = PBXBuildFile; fileRef = 88732D5724604CB400627A1E /* MockMainViewModel.swift */; };
/* End PBXBuildFile section */

/* Begin PBXContainerItemProxy section */
		8851BF8424546EB30091C925 /* PBXContainerItemProxy */ = {
			isa = PBXContainerItemProxy;
			containerPortal = 8851BF6524546EB20091C925 /* Project object */;
			proxyType = 1;
			remoteGlobalIDString = 8851BF6C24546EB20091C925;
			remoteInfo = "awesome-train-planner";
		};
		8851BF8F24546EB30091C925 /* PBXContainerItemProxy */ = {
			isa = PBXContainerItemProxy;
			containerPortal = 8851BF6524546EB20091C925 /* Project object */;
			proxyType = 1;
			remoteGlobalIDString = 8851BF6C24546EB20091C925;
			remoteInfo = "awesome-train-planner";
		};
/* End PBXContainerItemProxy section */

/* Begin PBXFileReference section */
		881FD0C32455ADBB00C9E3E5 /* MainViewModel.swift */ = {isa = PBXFileReference; lastKnownFileType = sourcecode.swift; path = MainViewModel.swift; sourceTree = "<group>"; };
		881FD0C52455AF9A00C9E3E5 /* TrainRoute.swift */ = {isa = PBXFileReference; lastKnownFileType = sourcecode.swift; path = TrainRoute.swift; sourceTree = "<group>"; };
		881FD0C72455AFCD00C9E3E5 /* Station.swift */ = {isa = PBXFileReference; lastKnownFileType = sourcecode.swift; path = Station.swift; sourceTree = "<group>"; };
		881FD0C92455B02700C9E3E5 /* LoadingStatus.swift */ = {isa = PBXFileReference; lastKnownFileType = sourcecode.swift; path = LoadingStatus.swift; sourceTree = "<group>"; };
		881FD0CD2455B20D00C9E3E5 /* RailwayDataService.swift */ = {isa = PBXFileReference; lastKnownFileType = sourcecode.swift; path = RailwayDataService.swift; sourceTree = "<group>"; };
		881FD0D02455CAE400C9E3E5 /* IrishRailAPI.swift */ = {isa = PBXFileReference; lastKnownFileType = sourcecode.swift; path = IrishRailAPI.swift; sourceTree = "<group>"; };
		8851BF6D24546EB20091C925 /* Awesome-train-planner.app */ = {isa = PBXFileReference; explicitFileType = wrapper.application; includeInIndex = 0; path = "Awesome-train-planner.app"; sourceTree = BUILT_PRODUCTS_DIR; };
		8851BF7024546EB20091C925 /* AppDelegate.swift */ = {isa = PBXFileReference; lastKnownFileType = sourcecode.swift; path = AppDelegate.swift; sourceTree = "<group>"; };
		8851BF7224546EB20091C925 /* SceneDelegate.swift */ = {isa = PBXFileReference; lastKnownFileType = sourcecode.swift; path = SceneDelegate.swift; sourceTree = "<group>"; };
		8851BF7424546EB20091C925 /* MainViewController.swift */ = {isa = PBXFileReference; lastKnownFileType = sourcecode.swift; path = MainViewController.swift; sourceTree = "<group>"; };
		8851BF7924546EB30091C925 /* Assets.xcassets */ = {isa = PBXFileReference; lastKnownFileType = folder.assetcatalog; path = Assets.xcassets; sourceTree = "<group>"; };
		8851BF7C24546EB30091C925 /* Base */ = {isa = PBXFileReference; lastKnownFileType = file.storyboard; name = Base; path = Base.lproj/LaunchScreen.storyboard; sourceTree = "<group>"; };
		8851BF7E24546EB30091C925 /* Info.plist */ = {isa = PBXFileReference; lastKnownFileType = text.plist.xml; path = Info.plist; sourceTree = "<group>"; };
		8851BF8324546EB30091C925 /* awesome-train-plannerTests.xctest */ = {isa = PBXFileReference; explicitFileType = wrapper.cfbundle; includeInIndex = 0; path = "awesome-train-plannerTests.xctest"; sourceTree = BUILT_PRODUCTS_DIR; };
		8851BF8724546EB30091C925 /* mainViewControllerTests.swift */ = {isa = PBXFileReference; lastKnownFileType = sourcecode.swift; path = mainViewControllerTests.swift; sourceTree = "<group>"; };
		8851BF8924546EB30091C925 /* Info.plist */ = {isa = PBXFileReference; lastKnownFileType = text.plist.xml; path = Info.plist; sourceTree = "<group>"; };
		8851BF8E24546EB30091C925 /* awesome-train-plannerUITests.xctest */ = {isa = PBXFileReference; explicitFileType = wrapper.cfbundle; includeInIndex = 0; path = "awesome-train-plannerUITests.xctest"; sourceTree = BUILT_PRODUCTS_DIR; };
		8851BF9224546EB30091C925 /* awesome_train_plannerUITests.swift */ = {isa = PBXFileReference; lastKnownFileType = sourcecode.swift; path = awesome_train_plannerUITests.swift; sourceTree = "<group>"; };
		8851BF9424546EB40091C925 /* Info.plist */ = {isa = PBXFileReference; lastKnownFileType = text.plist.xml; path = Info.plist; sourceTree = "<group>"; };
		885CB92224570A8E0077C67C /* RailwaysDataXMLParserDelegate.swift */ = {isa = PBXFileReference; lastKnownFileType = sourcecode.swift; path = RailwaysDataXMLParserDelegate.swift; sourceTree = "<group>"; };
		885CB924245722C30077C67C /* StationData.swift */ = {isa = PBXFileReference; lastKnownFileType = sourcecode.swift; path = StationData.swift; sourceTree = "<group>"; };
		885CB92724580D820077C67C /* RailwaysResponse.swift */ = {isa = PBXFileReference; lastKnownFileType = sourcecode.swift; path = RailwaysResponse.swift; sourceTree = "<group>"; };
		885CB929245819FE0077C67C /* StationFilter.swift */ = {isa = PBXFileReference; lastKnownFileType = sourcecode.swift; path = StationFilter.swift; sourceTree = "<group>"; };
		885CB92B245824080077C67C /* TrainPosition.swift */ = {isa = PBXFileReference; lastKnownFileType = sourcecode.swift; path = TrainPosition.swift; sourceTree = "<group>"; };
		885CB92D245829000077C67C /* TrainMovement.swift */ = {isa = PBXFileReference; lastKnownFileType = sourcecode.swift; path = TrainMovement.swift; sourceTree = "<group>"; };
		885CB930245869420077C67C /* MainViewController.xib */ = {isa = PBXFileReference; lastKnownFileType = file.xib; path = MainViewController.xib; sourceTree = "<group>"; };
		88732CF52458817200627A1E /* TrainCardCell.swift */ = {isa = PBXFileReference; lastKnownFileType = sourcecode.swift; path = TrainCardCell.swift; sourceTree = "<group>"; };
		88732CFA245952D600627A1E /* StationsViewController.swift */ = {isa = PBXFileReference; lastKnownFileType = sourcecode.swift; path = StationsViewController.swift; sourceTree = "<group>"; };
		88732CFC245952E200627A1E /* StationsViewController.xib */ = {isa = PBXFileReference; lastKnownFileType = file.xib; path = StationsViewController.xib; sourceTree = "<group>"; };
		88732CFF2459531300627A1E /* TabBarViewController.swift */ = {isa = PBXFileReference; lastKnownFileType = sourcecode.swift; path = TabBarViewController.swift; sourceTree = "<group>"; };
		88732D022459601100627A1E /* TrainsViewController.swift */ = {isa = PBXFileReference; lastKnownFileType = sourcecode.swift; path = TrainsViewController.swift; sourceTree = "<group>"; };
		88732D042459602700627A1E /* TrainsViewController.xib */ = {isa = PBXFileReference; lastKnownFileType = file.xib; path = TrainsViewController.xib; sourceTree = "<group>"; };
		88732D07245960A100627A1E /* TrainsViewModel.swift */ = {isa = PBXFileReference; lastKnownFileType = sourcecode.swift; path = TrainsViewModel.swift; sourceTree = "<group>"; };
		88732D09245960F700627A1E /* StationsViewModel.swift */ = {isa = PBXFileReference; lastKnownFileType = sourcecode.swift; path = StationsViewModel.swift; sourceTree = "<group>"; };
		88732D122459BD7500627A1E /* StationCell.swift */ = {isa = PBXFileReference; lastKnownFileType = sourcecode.swift; path = StationCell.swift; sourceTree = "<group>"; };
		88732D242459D06100627A1E /* StationsRouter.swift */ = {isa = PBXFileReference; lastKnownFileType = sourcecode.swift; path = StationsRouter.swift; sourceTree = "<group>"; };
		88732D29245AA68500627A1E /* StationViewController.swift */ = {isa = PBXFileReference; lastKnownFileType = sourcecode.swift; path = StationViewController.swift; sourceTree = "<group>"; };
		88732D2B245AA69800627A1E /* StationViewController.xib */ = {isa = PBXFileReference; lastKnownFileType = file.xib; path = StationViewController.xib; sourceTree = "<group>"; };
		88732D2D245AA6E400627A1E /* StationViewModel.swift */ = {isa = PBXFileReference; lastKnownFileType = sourcecode.swift; path = StationViewModel.swift; sourceTree = "<group>"; };
		88732D31245AE38900627A1E /* TrainViewController.swift */ = {isa = PBXFileReference; lastKnownFileType = sourcecode.swift; path = TrainViewController.swift; sourceTree = "<group>"; };
		88732D33245AE39100627A1E /* TrainViewController.xib */ = {isa = PBXFileReference; lastKnownFileType = file.xib; path = TrainViewController.xib; sourceTree = "<group>"; };
		88732D36245AE42600627A1E /* TrainViewModel.swift */ = {isa = PBXFileReference; lastKnownFileType = sourcecode.swift; path = TrainViewModel.swift; sourceTree = "<group>"; };
		88732D39245AE5FC00627A1E /* TrainsRouter.swift */ = {isa = PBXFileReference; lastKnownFileType = sourcecode.swift; path = TrainsRouter.swift; sourceTree = "<group>"; };
		88732D3D245B12F500627A1E /* TrainTrip.swift */ = {isa = PBXFileReference; lastKnownFileType = sourcecode.swift; path = TrainTrip.swift; sourceTree = "<group>"; };
		88732D3F245C1B2400627A1E /* Route.swift */ = {isa = PBXFileReference; lastKnownFileType = sourcecode.swift; path = Route.swift; sourceTree = "<group>"; };
		88732D41245D582300627A1E /* RaiwayResponseError.swift */ = {isa = PBXFileReference; lastKnownFileType = sourcecode.swift; path = RaiwayResponseError.swift; sourceTree = "<group>"; };
		88732D44245D63D700627A1E /* StationGraphNode.swift */ = {isa = PBXFileReference; lastKnownFileType = sourcecode.swift; path = StationGraphNode.swift; sourceTree = "<group>"; };
		88732D47245EDCE900627A1E /* Date+String.swift */ = {isa = PBXFileReference; lastKnownFileType = sourcecode.swift; path = "Date+String.swift"; sourceTree = "<group>"; };
		88732D4C24600E3700627A1E /* MainRouter.swift */ = {isa = PBXFileReference; lastKnownFileType = sourcecode.swift; path = MainRouter.swift; sourceTree = "<group>"; };
		88732D5324604C4700627A1E /* MockMainRouter.swift */ = {isa = PBXFileReference; lastKnownFileType = sourcecode.swift; path = MockMainRouter.swift; sourceTree = "<group>"; };
		88732D5524604C8400627A1E /* MockDataService.swift */ = {isa = PBXFileReference; lastKnownFileType = sourcecode.swift; path = MockDataService.swift; sourceTree = "<group>"; };
		88732D5724604CB400627A1E /* MockMainViewModel.swift */ = {isa = PBXFileReference; lastKnownFileType = sourcecode.swift; path = MockMainViewModel.swift; sourceTree = "<group>"; };
/* End PBXFileReference section */

/* Begin PBXFrameworksBuildPhase section */
		8851BF6A24546EB20091C925 /* Frameworks */ = {
			isa = PBXFrameworksBuildPhase;
			buildActionMask = 2147483647;
			files = (
			);
			runOnlyForDeploymentPostprocessing = 0;
		};
		8851BF8024546EB30091C925 /* Frameworks */ = {
			isa = PBXFrameworksBuildPhase;
			buildActionMask = 2147483647;
			files = (
			);
			runOnlyForDeploymentPostprocessing = 0;
		};
		8851BF8B24546EB30091C925 /* Frameworks */ = {
			isa = PBXFrameworksBuildPhase;
			buildActionMask = 2147483647;
			files = (
			);
			runOnlyForDeploymentPostprocessing = 0;
		};
/* End PBXFrameworksBuildPhase section */

/* Begin PBXGroup section */
		881FD0CB2455B1DD00C9E3E5 /* Main */ = {
			isa = PBXGroup;
			children = (
				88732CF52458817200627A1E /* TrainCardCell.swift */,
			);
			path = Main;
			sourceTree = "<group>";
		};
		881FD0CC2455B1EF00C9E3E5 /* Services */ = {
			isa = PBXGroup;
			children = (
				881FD0CD2455B20D00C9E3E5 /* RailwayDataService.swift */,
				885CB92724580D820077C67C /* RailwaysResponse.swift */,
				88732D3F245C1B2400627A1E /* Route.swift */,
				88732D41245D582300627A1E /* RaiwayResponseError.swift */,
				88732D44245D63D700627A1E /* StationGraphNode.swift */,
			);
			path = Services;
			sourceTree = "<group>";
		};
		881FD0CF2455CABD00C9E3E5 /* Backend */ = {
			isa = PBXGroup;
			children = (
				881FD0D02455CAE400C9E3E5 /* IrishRailAPI.swift */,
			);
			path = Backend;
			sourceTree = "<group>";
		};
		881FD0D22455D53700C9E3E5 /* Main */ = {
			isa = PBXGroup;
			children = (
				881FD0C32455ADBB00C9E3E5 /* MainViewModel.swift */,
			);
			path = Main;
			sourceTree = "<group>";
		};
		8851BF6424546EB20091C925 = {
			isa = PBXGroup;
			children = (
				8851BF6F24546EB20091C925 /* awesome-train-planner */,
				8851BF8624546EB30091C925 /* awesome-train-plannerTests */,
				8851BF9124546EB30091C925 /* awesome-train-plannerUITests */,
				8851BF6E24546EB20091C925 /* Products */,
			);
			sourceTree = "<group>";
		};
		8851BF6E24546EB20091C925 /* Products */ = {
			isa = PBXGroup;
			children = (
				8851BF6D24546EB20091C925 /* Awesome-train-planner.app */,
				8851BF8324546EB30091C925 /* awesome-train-plannerTests.xctest */,
				8851BF8E24546EB30091C925 /* awesome-train-plannerUITests.xctest */,
			);
			name = Products;
			sourceTree = "<group>";
		};
		8851BF6F24546EB20091C925 /* awesome-train-planner */ = {
			isa = PBXGroup;
			children = (
				88732D202459D01A00627A1E /* Routers */,
				88732D1C2459CF0B00627A1E /* Models */,
				8851BFA2245475370091C925 /* ViewModels */,
				8851BFA32454755E0091C925 /* Controllers */,
				8851BFA1245475320091C925 /* Views */,
				885CB92024570A480077C67C /* Helpers */,
				8851BF7024546EB20091C925 /* AppDelegate.swift */,
				8851BF7224546EB20091C925 /* SceneDelegate.swift */,
				8851BF7924546EB30091C925 /* Assets.xcassets */,
				8851BF7B24546EB30091C925 /* LaunchScreen.storyboard */,
				8851BF7E24546EB30091C925 /* Info.plist */,
			);
			path = "awesome-train-planner";
			sourceTree = "<group>";
		};
		8851BF8624546EB30091C925 /* awesome-train-plannerTests */ = {
			isa = PBXGroup;
			children = (
				88732D5124604C2B00627A1E /* Tests */,
				88732D4F24604C1C00627A1E /* Mocks */,
				8851BF8924546EB30091C925 /* Info.plist */,
			);
			path = "awesome-train-plannerTests";
			sourceTree = "<group>";
		};
		8851BF9124546EB30091C925 /* awesome-train-plannerUITests */ = {
			isa = PBXGroup;
			children = (
				8851BF9224546EB30091C925 /* awesome_train_plannerUITests.swift */,
				8851BF9424546EB40091C925 /* Info.plist */,
			);
			path = "awesome-train-plannerUITests";
			sourceTree = "<group>";
		};
		8851BFA02454752B0091C925 /* Main */ = {
			isa = PBXGroup;
			children = (
				8851BF7424546EB20091C925 /* MainViewController.swift */,
				885CB930245869420077C67C /* MainViewController.xib */,
			);
			path = Main;
			sourceTree = "<group>";
		};
		8851BFA1245475320091C925 /* Views */ = {
			isa = PBXGroup;
			children = (
				881FD0CB2455B1DD00C9E3E5 /* Main */,
				88732CF9245952C100627A1E /* Stations */,
			);
			path = Views;
			sourceTree = "<group>";
		};
		8851BFA2245475370091C925 /* ViewModels */ = {
			isa = PBXGroup;
			children = (
				881FD0D22455D53700C9E3E5 /* Main */,
				88732CF8245952B600627A1E /* Stations */,
				88732D28245AA65600627A1E /* Station */,
				88732D062459608E00627A1E /* Trains */,
				88732D38245AE43100627A1E /* Train */,
			);
			path = ViewModels;
			sourceTree = "<group>";
		};
		8851BFA32454755E0091C925 /* Controllers */ = {
			isa = PBXGroup;
			children = (
				8851BFA02454752B0091C925 /* Main */,
				88732CF7245952A600627A1E /* Stations */,
				88732D26245AA63300627A1E /* Station */,
				88732D012459600200627A1E /* Trains */,
				88732D30245AE36E00627A1E /* Train */,
				88732CFE2459530200627A1E /* TabBar */,
			);
			path = Controllers;
			sourceTree = "<group>";
		};
		885CB92024570A480077C67C /* Helpers */ = {
			isa = PBXGroup;
			children = (
				88732D49245EF29000627A1E /* Extensions */,
				881FD0CC2455B1EF00C9E3E5 /* Services */,
				885CB92124570A4E0077C67C /* XML */,
			);
			path = Helpers;
			sourceTree = "<group>";
		};
		885CB92124570A4E0077C67C /* XML */ = {
			isa = PBXGroup;
			children = (
				885CB92224570A8E0077C67C /* RailwaysDataXMLParserDelegate.swift */,
			);
			path = XML;
			sourceTree = "<group>";
		};
		88732CF7245952A600627A1E /* Stations */ = {
			isa = PBXGroup;
			children = (
				88732CFA245952D600627A1E /* StationsViewController.swift */,
				88732CFC245952E200627A1E /* StationsViewController.xib */,
			);
			path = Stations;
			sourceTree = "<group>";
		};
		88732CF8245952B600627A1E /* Stations */ = {
			isa = PBXGroup;
			children = (
				88732D09245960F700627A1E /* StationsViewModel.swift */,
			);
			path = Stations;
			sourceTree = "<group>";
		};
		88732CF9245952C100627A1E /* Stations */ = {
			isa = PBXGroup;
			children = (
				88732D122459BD7500627A1E /* StationCell.swift */,
			);
			path = Stations;
			sourceTree = "<group>";
		};
		88732CFE2459530200627A1E /* TabBar */ = {
			isa = PBXGroup;
			children = (
				88732CFF2459531300627A1E /* TabBarViewController.swift */,
			);
			path = TabBar;
			sourceTree = "<group>";
		};
		88732D012459600200627A1E /* Trains */ = {
			isa = PBXGroup;
			children = (
				88732D022459601100627A1E /* TrainsViewController.swift */,
				88732D042459602700627A1E /* TrainsViewController.xib */,
			);
			path = Trains;
			sourceTree = "<group>";
		};
		88732D062459608E00627A1E /* Trains */ = {
			isa = PBXGroup;
			children = (
				88732D07245960A100627A1E /* TrainsViewModel.swift */,
			);
			path = Trains;
			sourceTree = "<group>";
		};
		88732D1C2459CF0B00627A1E /* Models */ = {
			isa = PBXGroup;
			children = (
				88732D1D2459CF8300627A1E /* Main */,
				88732D1F2459CFC100627A1E /* Stations */,
				88732D27245AA64A00627A1E /* Station */,
				88732D1E2459CF9A00627A1E /* Trains */,
				88732D35245AE40A00627A1E /* Train */,
				881FD0CF2455CABD00C9E3E5 /* Backend */,
				881FD0C92455B02700C9E3E5 /* LoadingStatus.swift */,
			);
			path = Models;
			sourceTree = "<group>";
		};
		88732D1D2459CF8300627A1E /* Main */ = {
			isa = PBXGroup;
			children = (
				881FD0C52455AF9A00C9E3E5 /* TrainRoute.swift */,
				88732D3D245B12F500627A1E /* TrainTrip.swift */,
			);
			path = Main;
			sourceTree = "<group>";
		};
		88732D1E2459CF9A00627A1E /* Trains */ = {
			isa = PBXGroup;
			children = (
				885CB92B245824080077C67C /* TrainPosition.swift */,
				885CB92D245829000077C67C /* TrainMovement.swift */,
			);
			path = Trains;
			sourceTree = "<group>";
		};
		88732D1F2459CFC100627A1E /* Stations */ = {
			isa = PBXGroup;
			children = (
				881FD0C72455AFCD00C9E3E5 /* Station.swift */,
				885CB924245722C30077C67C /* StationData.swift */,
				885CB929245819FE0077C67C /* StationFilter.swift */,
			);
			path = Stations;
			sourceTree = "<group>";
		};
		88732D202459D01A00627A1E /* Routers */ = {
			isa = PBXGroup;
			children = (
				88732D212459D04300627A1E /* Main */,
				88732D222459D04A00627A1E /* Stations */,
				88732D232459D05000627A1E /* Trains */,
			);
			path = Routers;
			sourceTree = "<group>";
		};
		88732D212459D04300627A1E /* Main */ = {
			isa = PBXGroup;
			children = (
				88732D4C24600E3700627A1E /* MainRouter.swift */,
			);
			path = Main;
			sourceTree = "<group>";
		};
		88732D222459D04A00627A1E /* Stations */ = {
			isa = PBXGroup;
			children = (
				88732D242459D06100627A1E /* StationsRouter.swift */,
			);
			path = Stations;
			sourceTree = "<group>";
		};
		88732D232459D05000627A1E /* Trains */ = {
			isa = PBXGroup;
			children = (
				88732D39245AE5FC00627A1E /* TrainsRouter.swift */,
			);
			path = Trains;
			sourceTree = "<group>";
		};
		88732D26245AA63300627A1E /* Station */ = {
			isa = PBXGroup;
			children = (
				88732D29245AA68500627A1E /* StationViewController.swift */,
				88732D2B245AA69800627A1E /* StationViewController.xib */,
			);
			path = Station;
			sourceTree = "<group>";
		};
		88732D27245AA64A00627A1E /* Station */ = {
			isa = PBXGroup;
			children = (
			);
			path = Station;
			sourceTree = "<group>";
		};
		88732D28245AA65600627A1E /* Station */ = {
			isa = PBXGroup;
			children = (
				88732D2D245AA6E400627A1E /* StationViewModel.swift */,
			);
			path = Station;
			sourceTree = "<group>";
		};
		88732D30245AE36E00627A1E /* Train */ = {
			isa = PBXGroup;
			children = (
				88732D31245AE38900627A1E /* TrainViewController.swift */,
				88732D33245AE39100627A1E /* TrainViewController.xib */,
			);
			path = Train;
			sourceTree = "<group>";
		};
		88732D35245AE40A00627A1E /* Train */ = {
			isa = PBXGroup;
			children = (
			);
			path = Train;
			sourceTree = "<group>";
		};
		88732D38245AE43100627A1E /* Train */ = {
			isa = PBXGroup;
			children = (
				88732D36245AE42600627A1E /* TrainViewModel.swift */,
			);
			path = Train;
			sourceTree = "<group>";
		};
		88732D49245EF29000627A1E /* Extensions */ = {
			isa = PBXGroup;
			children = (
				88732D47245EDCE900627A1E /* Date+String.swift */,
			);
			path = Extensions;
			sourceTree = "<group>";
		};
		88732D4F24604C1C00627A1E /* Mocks */ = {
			isa = PBXGroup;
			children = (
				88732D5024604C2400627A1E /* Main */,
			);
			path = Mocks;
			sourceTree = "<group>";
		};
		88732D5024604C2400627A1E /* Main */ = {
			isa = PBXGroup;
			children = (
				88732D5324604C4700627A1E /* MockMainRouter.swift */,
				88732D5524604C8400627A1E /* MockDataService.swift */,
				88732D5724604CB400627A1E /* MockMainViewModel.swift */,
			);
			path = Main;
			sourceTree = "<group>";
		};
		88732D5124604C2B00627A1E /* Tests */ = {
			isa = PBXGroup;
			children = (
				88732D5224604C3000627A1E /* Main */,
			);
			path = Tests;
			sourceTree = "<group>";
		};
		88732D5224604C3000627A1E /* Main */ = {
			isa = PBXGroup;
			children = (
				8851BF8724546EB30091C925 /* mainViewControllerTests.swift */,
			);
			path = Main;
			sourceTree = "<group>";
		};
/* End PBXGroup section */

/* Begin PBXNativeTarget section */
		8851BF6C24546EB20091C925 /* awesome-train-planner */ = {
			isa = PBXNativeTarget;
			buildConfigurationList = 8851BF9724546EB40091C925 /* Build configuration list for PBXNativeTarget "awesome-train-planner" */;
			buildPhases = (
				8851BF6924546EB20091C925 /* Sources */,
				8851BF6A24546EB20091C925 /* Frameworks */,
				8851BF6B24546EB20091C925 /* Resources */,
			);
			buildRules = (
			);
			dependencies = (
			);
			name = "awesome-train-planner";
			productName = "awesome-train-planner";
			productReference = 8851BF6D24546EB20091C925 /* Awesome-train-planner.app */;
			productType = "com.apple.product-type.application";
		};
		8851BF8224546EB30091C925 /* awesome-train-plannerTests */ = {
			isa = PBXNativeTarget;
			buildConfigurationList = 8851BF9A24546EB40091C925 /* Build configuration list for PBXNativeTarget "awesome-train-plannerTests" */;
			buildPhases = (
				8851BF7F24546EB30091C925 /* Sources */,
				8851BF8024546EB30091C925 /* Frameworks */,
				8851BF8124546EB30091C925 /* Resources */,
			);
			buildRules = (
			);
			dependencies = (
				8851BF8524546EB30091C925 /* PBXTargetDependency */,
			);
			name = "awesome-train-plannerTests";
			productName = "awesome-train-plannerTests";
			productReference = 8851BF8324546EB30091C925 /* awesome-train-plannerTests.xctest */;
			productType = "com.apple.product-type.bundle.unit-test";
		};
		8851BF8D24546EB30091C925 /* awesome-train-plannerUITests */ = {
			isa = PBXNativeTarget;
			buildConfigurationList = 8851BF9D24546EB40091C925 /* Build configuration list for PBXNativeTarget "awesome-train-plannerUITests" */;
			buildPhases = (
				8851BF8A24546EB30091C925 /* Sources */,
				8851BF8B24546EB30091C925 /* Frameworks */,
				8851BF8C24546EB30091C925 /* Resources */,
			);
			buildRules = (
			);
			dependencies = (
				8851BF9024546EB30091C925 /* PBXTargetDependency */,
			);
			name = "awesome-train-plannerUITests";
			productName = "awesome-train-plannerUITests";
			productReference = 8851BF8E24546EB30091C925 /* awesome-train-plannerUITests.xctest */;
			productType = "com.apple.product-type.bundle.ui-testing";
		};
/* End PBXNativeTarget section */

/* Begin PBXProject section */
		8851BF6524546EB20091C925 /* Project object */ = {
			isa = PBXProject;
			attributes = {
				LastSwiftUpdateCheck = 1140;
				LastUpgradeCheck = 1140;
				ORGANIZATIONNAME = "Vladimir Amiorkov";
				TargetAttributes = {
					8851BF6C24546EB20091C925 = {
						CreatedOnToolsVersion = 11.4.1;
					};
					8851BF8224546EB30091C925 = {
						CreatedOnToolsVersion = 11.4.1;
						TestTargetID = 8851BF6C24546EB20091C925;
					};
					8851BF8D24546EB30091C925 = {
						CreatedOnToolsVersion = 11.4.1;
						TestTargetID = 8851BF6C24546EB20091C925;
					};
				};
			};
			buildConfigurationList = 8851BF6824546EB20091C925 /* Build configuration list for PBXProject "awesome-train-planner" */;
			compatibilityVersion = "Xcode 9.3";
			developmentRegion = en;
			hasScannedForEncodings = 0;
			knownRegions = (
				en,
				Base,
			);
			mainGroup = 8851BF6424546EB20091C925;
			productRefGroup = 8851BF6E24546EB20091C925 /* Products */;
			projectDirPath = "";
			projectRoot = "";
			targets = (
				8851BF6C24546EB20091C925 /* awesome-train-planner */,
				8851BF8224546EB30091C925 /* awesome-train-plannerTests */,
				8851BF8D24546EB30091C925 /* awesome-train-plannerUITests */,
			);
		};
/* End PBXProject section */

/* Begin PBXResourcesBuildPhase section */
		8851BF6B24546EB20091C925 /* Resources */ = {
			isa = PBXResourcesBuildPhase;
			buildActionMask = 2147483647;
			files = (
				88732D2C245AA69800627A1E /* StationViewController.xib in Resources */,
				8851BF7D24546EB30091C925 /* LaunchScreen.storyboard in Resources */,
				88732D052459602700627A1E /* TrainsViewController.xib in Resources */,
				8851BF7A24546EB30091C925 /* Assets.xcassets in Resources */,
				885CB931245869420077C67C /* MainViewController.xib in Resources */,
				88732CFD245952E200627A1E /* StationsViewController.xib in Resources */,
				88732D34245AE39100627A1E /* TrainViewController.xib in Resources */,
			);
			runOnlyForDeploymentPostprocessing = 0;
		};
		8851BF8124546EB30091C925 /* Resources */ = {
			isa = PBXResourcesBuildPhase;
			buildActionMask = 2147483647;
			files = (
			);
			runOnlyForDeploymentPostprocessing = 0;
		};
		8851BF8C24546EB30091C925 /* Resources */ = {
			isa = PBXResourcesBuildPhase;
			buildActionMask = 2147483647;
			files = (
			);
			runOnlyForDeploymentPostprocessing = 0;
		};
/* End PBXResourcesBuildPhase section */

/* Begin PBXSourcesBuildPhase section */
		8851BF6924546EB20091C925 /* Sources */ = {
			isa = PBXSourcesBuildPhase;
			buildActionMask = 2147483647;
			files = (
				88732D37245AE42600627A1E /* TrainViewModel.swift in Sources */,
				88732D4D24600E3700627A1E /* MainRouter.swift in Sources */,
				8851BF7524546EB20091C925 /* MainViewController.swift in Sources */,
				885CB92324570A8E0077C67C /* RailwaysDataXMLParserDelegate.swift in Sources */,
				88732D40245C1B2400627A1E /* Route.swift in Sources */,
				88732D2A245AA68500627A1E /* StationViewController.swift in Sources */,
				8851BF7124546EB20091C925 /* AppDelegate.swift in Sources */,
				885CB92A245819FE0077C67C /* StationFilter.swift in Sources */,
				88732D2E245AA6E400627A1E /* StationViewModel.swift in Sources */,
				88732D002459531300627A1E /* TabBarViewController.swift in Sources */,
				88732D08245960A100627A1E /* TrainsViewModel.swift in Sources */,
				88732D252459D06100627A1E /* StationsRouter.swift in Sources */,
				88732D45245D63D700627A1E /* StationGraphNode.swift in Sources */,
				881FD0CE2455B20D00C9E3E5 /* RailwayDataService.swift in Sources */,
				88732D3E245B12F500627A1E /* TrainTrip.swift in Sources */,
				8851BF7324546EB20091C925 /* SceneDelegate.swift in Sources */,
				88732D42245D582300627A1E /* RaiwayResponseError.swift in Sources */,
				88732CF62458817200627A1E /* TrainCardCell.swift in Sources */,
				88732D0A245960F700627A1E /* StationsViewModel.swift in Sources */,
				885CB925245722C30077C67C /* StationData.swift in Sources */,
				88732D3A245AE5FC00627A1E /* TrainsRouter.swift in Sources */,
				885CB92C245824080077C67C /* TrainPosition.swift in Sources */,
				88732D32245AE38900627A1E /* TrainViewController.swift in Sources */,
				881FD0C62455AF9A00C9E3E5 /* TrainRoute.swift in Sources */,
				88732CFB245952D600627A1E /* StationsViewController.swift in Sources */,
				881FD0C82455AFCD00C9E3E5 /* Station.swift in Sources */,
				885CB92824580D820077C67C /* RailwaysResponse.swift in Sources */,
				88732D132459BD7600627A1E /* StationCell.swift in Sources */,
				881FD0D12455CAE400C9E3E5 /* IrishRailAPI.swift in Sources */,
				88732D032459601100627A1E /* TrainsViewController.swift in Sources */,
				88732D48245EDCEA00627A1E /* Date+String.swift in Sources */,
				881FD0C42455ADBB00C9E3E5 /* MainViewModel.swift in Sources */,
				885CB92E245829000077C67C /* TrainMovement.swift in Sources */,
				881FD0CA2455B02700C9E3E5 /* LoadingStatus.swift in Sources */,
			);
			runOnlyForDeploymentPostprocessing = 0;
		};
		8851BF7F24546EB30091C925 /* Sources */ = {
			isa = PBXSourcesBuildPhase;
			buildActionMask = 2147483647;
			files = (
				8851BF8824546EB30091C925 /* mainViewControllerTests.swift in Sources */,
				88732D5824604CB400627A1E /* MockMainViewModel.swift in Sources */,
				88732D5424604C4700627A1E /* MockMainRouter.swift in Sources */,
				88732D5624604C8400627A1E /* MockDataService.swift in Sources */,
			);
			runOnlyForDeploymentPostprocessing = 0;
		};
		8851BF8A24546EB30091C925 /* Sources */ = {
			isa = PBXSourcesBuildPhase;
			buildActionMask = 2147483647;
			files = (
				8851BF9324546EB30091C925 /* awesome_train_plannerUITests.swift in Sources */,
			);
			runOnlyForDeploymentPostprocessing = 0;
		};
/* End PBXSourcesBuildPhase section */

/* Begin PBXTargetDependency section */
		8851BF8524546EB30091C925 /* PBXTargetDependency */ = {
			isa = PBXTargetDependency;
			target = 8851BF6C24546EB20091C925 /* awesome-train-planner */;
			targetProxy = 8851BF8424546EB30091C925 /* PBXContainerItemProxy */;
		};
		8851BF9024546EB30091C925 /* PBXTargetDependency */ = {
			isa = PBXTargetDependency;
			target = 8851BF6C24546EB20091C925 /* awesome-train-planner */;
			targetProxy = 8851BF8F24546EB30091C925 /* PBXContainerItemProxy */;
		};
/* End PBXTargetDependency section */

/* Begin PBXVariantGroup section */
		8851BF7B24546EB30091C925 /* LaunchScreen.storyboard */ = {
			isa = PBXVariantGroup;
			children = (
				8851BF7C24546EB30091C925 /* Base */,
			);
			name = LaunchScreen.storyboard;
			sourceTree = "<group>";
		};
/* End PBXVariantGroup section */

/* Begin XCBuildConfiguration section */
		8851BF9524546EB40091C925 /* Debug */ = {
			isa = XCBuildConfiguration;
			buildSettings = {
				ALWAYS_SEARCH_USER_PATHS = NO;
				CLANG_ANALYZER_NONNULL = YES;
				CLANG_ANALYZER_NUMBER_OBJECT_CONVERSION = YES_AGGRESSIVE;
				CLANG_CXX_LANGUAGE_STANDARD = "gnu++14";
				CLANG_CXX_LIBRARY = "libc++";
				CLANG_ENABLE_MODULES = YES;
				CLANG_ENABLE_OBJC_ARC = YES;
				CLANG_ENABLE_OBJC_WEAK = YES;
				CLANG_WARN_BLOCK_CAPTURE_AUTORELEASING = YES;
				CLANG_WARN_BOOL_CONVERSION = YES;
				CLANG_WARN_COMMA = YES;
				CLANG_WARN_CONSTANT_CONVERSION = YES;
				CLANG_WARN_DEPRECATED_OBJC_IMPLEMENTATIONS = YES;
				CLANG_WARN_DIRECT_OBJC_ISA_USAGE = YES_ERROR;
				CLANG_WARN_DOCUMENTATION_COMMENTS = YES;
				CLANG_WARN_EMPTY_BODY = YES;
				CLANG_WARN_ENUM_CONVERSION = YES;
				CLANG_WARN_INFINITE_RECURSION = YES;
				CLANG_WARN_INT_CONVERSION = YES;
				CLANG_WARN_NON_LITERAL_NULL_CONVERSION = YES;
				CLANG_WARN_OBJC_IMPLICIT_RETAIN_SELF = YES;
				CLANG_WARN_OBJC_LITERAL_CONVERSION = YES;
				CLANG_WARN_OBJC_ROOT_CLASS = YES_ERROR;
				CLANG_WARN_RANGE_LOOP_ANALYSIS = YES;
				CLANG_WARN_STRICT_PROTOTYPES = YES;
				CLANG_WARN_SUSPICIOUS_MOVE = YES;
				CLANG_WARN_UNGUARDED_AVAILABILITY = YES_AGGRESSIVE;
				CLANG_WARN_UNREACHABLE_CODE = YES;
				CLANG_WARN__DUPLICATE_METHOD_MATCH = YES;
				COPY_PHASE_STRIP = NO;
				DEBUG_INFORMATION_FORMAT = dwarf;
				ENABLE_STRICT_OBJC_MSGSEND = YES;
				ENABLE_TESTABILITY = YES;
				GCC_C_LANGUAGE_STANDARD = gnu11;
				GCC_DYNAMIC_NO_PIC = NO;
				GCC_NO_COMMON_BLOCKS = YES;
				GCC_OPTIMIZATION_LEVEL = 0;
				GCC_PREPROCESSOR_DEFINITIONS = (
					"DEBUG=1",
					"$(inherited)",
				);
				GCC_WARN_64_TO_32_BIT_CONVERSION = YES;
				GCC_WARN_ABOUT_RETURN_TYPE = YES_ERROR;
				GCC_WARN_UNDECLARED_SELECTOR = YES;
				GCC_WARN_UNINITIALIZED_AUTOS = YES_AGGRESSIVE;
				GCC_WARN_UNUSED_FUNCTION = YES;
				GCC_WARN_UNUSED_VARIABLE = YES;
				IPHONEOS_DEPLOYMENT_TARGET = 13.0;
				MTL_ENABLE_DEBUG_INFO = INCLUDE_SOURCE;
				MTL_FAST_MATH = YES;
				ONLY_ACTIVE_ARCH = YES;
				SDKROOT = iphoneos;
				SWIFT_ACTIVE_COMPILATION_CONDITIONS = DEBUG;
				SWIFT_OPTIMIZATION_LEVEL = "-Onone";
			};
			name = Debug;
		};
		8851BF9624546EB40091C925 /* Release */ = {
			isa = XCBuildConfiguration;
			buildSettings = {
				ALWAYS_SEARCH_USER_PATHS = NO;
				CLANG_ANALYZER_NONNULL = YES;
				CLANG_ANALYZER_NUMBER_OBJECT_CONVERSION = YES_AGGRESSIVE;
				CLANG_CXX_LANGUAGE_STANDARD = "gnu++14";
				CLANG_CXX_LIBRARY = "libc++";
				CLANG_ENABLE_MODULES = YES;
				CLANG_ENABLE_OBJC_ARC = YES;
				CLANG_ENABLE_OBJC_WEAK = YES;
				CLANG_WARN_BLOCK_CAPTURE_AUTORELEASING = YES;
				CLANG_WARN_BOOL_CONVERSION = YES;
				CLANG_WARN_COMMA = YES;
				CLANG_WARN_CONSTANT_CONVERSION = YES;
				CLANG_WARN_DEPRECATED_OBJC_IMPLEMENTATIONS = YES;
				CLANG_WARN_DIRECT_OBJC_ISA_USAGE = YES_ERROR;
				CLANG_WARN_DOCUMENTATION_COMMENTS = YES;
				CLANG_WARN_EMPTY_BODY = YES;
				CLANG_WARN_ENUM_CONVERSION = YES;
				CLANG_WARN_INFINITE_RECURSION = YES;
				CLANG_WARN_INT_CONVERSION = YES;
				CLANG_WARN_NON_LITERAL_NULL_CONVERSION = YES;
				CLANG_WARN_OBJC_IMPLICIT_RETAIN_SELF = YES;
				CLANG_WARN_OBJC_LITERAL_CONVERSION = YES;
				CLANG_WARN_OBJC_ROOT_CLASS = YES_ERROR;
				CLANG_WARN_RANGE_LOOP_ANALYSIS = YES;
				CLANG_WARN_STRICT_PROTOTYPES = YES;
				CLANG_WARN_SUSPICIOUS_MOVE = YES;
				CLANG_WARN_UNGUARDED_AVAILABILITY = YES_AGGRESSIVE;
				CLANG_WARN_UNREACHABLE_CODE = YES;
				CLANG_WARN__DUPLICATE_METHOD_MATCH = YES;
				COPY_PHASE_STRIP = NO;
				DEBUG_INFORMATION_FORMAT = "dwarf-with-dsym";
				ENABLE_NS_ASSERTIONS = NO;
				ENABLE_STRICT_OBJC_MSGSEND = YES;
				GCC_C_LANGUAGE_STANDARD = gnu11;
				GCC_NO_COMMON_BLOCKS = YES;
				GCC_WARN_64_TO_32_BIT_CONVERSION = YES;
				GCC_WARN_ABOUT_RETURN_TYPE = YES_ERROR;
				GCC_WARN_UNDECLARED_SELECTOR = YES;
				GCC_WARN_UNINITIALIZED_AUTOS = YES_AGGRESSIVE;
				GCC_WARN_UNUSED_FUNCTION = YES;
				GCC_WARN_UNUSED_VARIABLE = YES;
				IPHONEOS_DEPLOYMENT_TARGET = 13.0;
				MTL_ENABLE_DEBUG_INFO = NO;
				MTL_FAST_MATH = YES;
				SDKROOT = iphoneos;
				SWIFT_COMPILATION_MODE = wholemodule;
				SWIFT_OPTIMIZATION_LEVEL = "-O";
				VALIDATE_PRODUCT = YES;
			};
			name = Release;
		};
		8851BF9824546EB40091C925 /* Debug */ = {
			isa = XCBuildConfiguration;
			buildSettings = {
				ASSETCATALOG_COMPILER_APPICON_NAME = AppIcon;
				CODE_SIGN_STYLE = Automatic;
				DEVELOPMENT_TEAM = "";
				INFOPLIST_FILE = "awesome-train-planner/Info.plist";
				LD_RUNPATH_SEARCH_PATHS = (
					"$(inherited)",
					"@executable_path/Frameworks",
				);
				PRODUCT_BUNDLE_IDENTIFIER = "amiorkov.awesome-train-planner";
				PRODUCT_NAME = "Awesome-train-planner";
				SWIFT_VERSION = 5.0;
				TARGETED_DEVICE_FAMILY = "1,2";
			};
			name = Debug;
		};
		8851BF9924546EB40091C925 /* Release */ = {
			isa = XCBuildConfiguration;
			buildSettings = {
				ASSETCATALOG_COMPILER_APPICON_NAME = AppIcon;
				CODE_SIGN_STYLE = Automatic;
				DEVELOPMENT_TEAM = "";
				INFOPLIST_FILE = "awesome-train-planner/Info.plist";
				LD_RUNPATH_SEARCH_PATHS = (
					"$(inherited)",
					"@executable_path/Frameworks",
				);
				PRODUCT_BUNDLE_IDENTIFIER = "amiorkov.awesome-train-planner";
				PRODUCT_NAME = "Awesome-train-planner";
				SWIFT_VERSION = 5.0;
				TARGETED_DEVICE_FAMILY = "1,2";
			};
			name = Release;
		};
		8851BF9B24546EB40091C925 /* Debug */ = {
			isa = XCBuildConfiguration;
			buildSettings = {
				ALWAYS_EMBED_SWIFT_STANDARD_LIBRARIES = YES;
				BUNDLE_LOADER = "$(TEST_HOST)";
				CODE_SIGN_STYLE = Automatic;
				INFOPLIST_FILE = "awesome-train-plannerTests/Info.plist";
				IPHONEOS_DEPLOYMENT_TARGET = 13.4;
				LD_RUNPATH_SEARCH_PATHS = (
					"$(inherited)",
					"@executable_path/Frameworks",
					"@loader_path/Frameworks",
				);
				PRODUCT_BUNDLE_IDENTIFIER = "amiorkov.awesome-train-plannerTests";
				PRODUCT_NAME = "$(TARGET_NAME)";
				SWIFT_VERSION = 5.0;
				TARGETED_DEVICE_FAMILY = "1,2";
				TEST_HOST = "$(BUILT_PRODUCTS_DIR)/Awesome-train-planner.app/Awesome-train-planner";
			};
			name = Debug;
		};
		8851BF9C24546EB40091C925 /* Release */ = {
			isa = XCBuildConfiguration;
			buildSettings = {
				ALWAYS_EMBED_SWIFT_STANDARD_LIBRARIES = YES;
				BUNDLE_LOADER = "$(TEST_HOST)";
				CODE_SIGN_STYLE = Automatic;
				INFOPLIST_FILE = "awesome-train-plannerTests/Info.plist";
				IPHONEOS_DEPLOYMENT_TARGET = 13.4;
				LD_RUNPATH_SEARCH_PATHS = (
					"$(inherited)",
					"@executable_path/Frameworks",
					"@loader_path/Frameworks",
				);
				PRODUCT_BUNDLE_IDENTIFIER = "amiorkov.awesome-train-plannerTests";
				PRODUCT_NAME = "$(TARGET_NAME)";
				SWIFT_VERSION = 5.0;
				TARGETED_DEVICE_FAMILY = "1,2";
				TEST_HOST = "$(BUILT_PRODUCTS_DIR)/Awesome-train-planner.app/Awesome-train-planner";
			};
			name = Release;
		};
		8851BF9E24546EB40091C925 /* Debug */ = {
			isa = XCBuildConfiguration;
			buildSettings = {
				ALWAYS_EMBED_SWIFT_STANDARD_LIBRARIES = YES;
				CODE_SIGN_STYLE = Automatic;
				INFOPLIST_FILE = "awesome-train-plannerUITests/Info.plist";
				LD_RUNPATH_SEARCH_PATHS = (
					"$(inherited)",
					"@executable_path/Frameworks",
					"@loader_path/Frameworks",
				);
				PRODUCT_BUNDLE_IDENTIFIER = "amiorkov.awesome-train-plannerUITests";
				PRODUCT_NAME = "$(TARGET_NAME)";
				SWIFT_VERSION = 5.0;
				TARGETED_DEVICE_FAMILY = "1,2";
				TEST_TARGET_NAME = "awesome-train-planner";
			};
			name = Debug;
		};
		8851BF9F24546EB40091C925 /* Release */ = {
			isa = XCBuildConfiguration;
			buildSettings = {
				ALWAYS_EMBED_SWIFT_STANDARD_LIBRARIES = YES;
				CODE_SIGN_STYLE = Automatic;
				INFOPLIST_FILE = "awesome-train-plannerUITests/Info.plist";
				LD_RUNPATH_SEARCH_PATHS = (
					"$(inherited)",
					"@executable_path/Frameworks",
					"@loader_path/Frameworks",
				);
				PRODUCT_BUNDLE_IDENTIFIER = "amiorkov.awesome-train-plannerUITests";
				PRODUCT_NAME = "$(TARGET_NAME)";
				SWIFT_VERSION = 5.0;
				TARGETED_DEVICE_FAMILY = "1,2";
				TEST_TARGET_NAME = "awesome-train-planner";
			};
			name = Release;
		};
/* End XCBuildConfiguration section */

/* Begin XCConfigurationList section */
		8851BF6824546EB20091C925 /* Build configuration list for PBXProject "awesome-train-planner" */ = {
			isa = XCConfigurationList;
			buildConfigurations = (
				8851BF9524546EB40091C925 /* Debug */,
				8851BF9624546EB40091C925 /* Release */,
			);
			defaultConfigurationIsVisible = 0;
			defaultConfigurationName = Release;
		};
		8851BF9724546EB40091C925 /* Build configuration list for PBXNativeTarget "awesome-train-planner" */ = {
			isa = XCConfigurationList;
			buildConfigurations = (
				8851BF9824546EB40091C925 /* Debug */,
				8851BF9924546EB40091C925 /* Release */,
			);
			defaultConfigurationIsVisible = 0;
			defaultConfigurationName = Release;
		};
		8851BF9A24546EB40091C925 /* Build configuration list for PBXNativeTarget "awesome-train-plannerTests" */ = {
			isa = XCConfigurationList;
			buildConfigurations = (
				8851BF9B24546EB40091C925 /* Debug */,
				8851BF9C24546EB40091C925 /* Release */,
			);
			defaultConfigurationIsVisible = 0;
			defaultConfigurationName = Release;
		};
		8851BF9D24546EB40091C925 /* Build configuration list for PBXNativeTarget "awesome-train-plannerUITests" */ = {
			isa = XCConfigurationList;
			buildConfigurations = (
				8851BF9E24546EB40091C925 /* Debug */,
				8851BF9F24546EB40091C925 /* Release */,
			);
			defaultConfigurationIsVisible = 0;
			defaultConfigurationName = Release;
		};
/* End XCConfigurationList section */
	};
	rootObject = 8851BF6524546EB20091C925 /* Project object */;
}
