// !$*UTF8*$!
{
	archiveVersion = 1;
	classes = {
	};
	objectVersion = 50;
	objects = {

/* Begin PBXBuildFile section */
		8851BF7124546EB20091C925 /* AppDelegate.swift in Sources */ = {isa = PBXBuildFile; fileRef = 8851BF7024546EB20091C925 /* AppDelegate.swift */; };
		8851BF7324546EB20091C925 /* SceneDelegate.swift in Sources */ = {isa = PBXBuildFile; fileRef = 8851BF7224546EB20091C925 /* SceneDelegate.swift */; };
		8851BF7524546EB20091C925 /* MainViewController.swift in Sources */ = {isa = PBXBuildFile; fileRef = 8851BF7424546EB20091C925 /* MainViewController.swift */; };
		8851BF7824546EB20091C925 /* Main.storyboard in Resources */ = {isa = PBXBuildFile; fileRef = 8851BF7624546EB20091C925 /* Main.storyboard */; };
		8851BF7A24546EB30091C925 /* Assets.xcassets in Resources */ = {isa = PBXBuildFile; fileRef = 8851BF7924546EB30091C925 /* Assets.xcassets */; };
		8851BF7D24546EB30091C925 /* LaunchScreen.storyboard in Resources */ = {isa = PBXBuildFile; fileRef = 8851BF7B24546EB30091C925 /* LaunchScreen.storyboard */; };
		8851BF8824546EB30091C925 /* awesome_train_plannerTests.swift in Sources */ = {isa = PBXBuildFile; fileRef = 8851BF8724546EB30091C925 /* awesome_train_plannerTests.swift */; };
		8851BF9324546EB30091C925 /* awesome_train_plannerUITests.swift in Sources */ = {isa = PBXBuildFile; fileRef = 8851BF9224546EB30091C925 /* awesome_train_plannerUITests.swift */; };
/* End PBXBuildFile section */

/* Begin PBXContainerItemProxy section */
		8851BF8424546EB30091C925 /* PBXContainerItemProxy */ = {
			isa = PBXContainerItemProxy;
			containerPortal = 8851BF6524546EB20091C925 /* Project object */;
			proxyType = 1;
			remoteGlobalIDString = 8851BF6C24546EB20091C925;
			remoteInfo = "awesome-train-planner";
		};
		8851BF8F24546EB30091C925 /* PBXContainerItemProxy */ = {
			isa = PBXContainerItemProxy;
			containerPortal = 8851BF6524546EB20091C925 /* Project object */;
			proxyType = 1;
			remoteGlobalIDString = 8851BF6C24546EB20091C925;
			remoteInfo = "awesome-train-planner";
		};
/* End PBXContainerItemProxy section */

/* Begin PBXFileReference section */
		8851BF6D24546EB20091C925 /* awesome-train-planner.app */ = {isa = PBXFileReference; explicitFileType = wrapper.application; includeInIndex = 0; path = "awesome-train-planner.app"; sourceTree = BUILT_PRODUCTS_DIR; };
		8851BF7024546EB20091C925 /* AppDelegate.swift */ = {isa = PBXFileReference; lastKnownFileType = sourcecode.swift; path = AppDelegate.swift; sourceTree = "<group>"; };
		8851BF7224546EB20091C925 /* SceneDelegate.swift */ = {isa = PBXFileReference; lastKnownFileType = sourcecode.swift; path = SceneDelegate.swift; sourceTree = "<group>"; };
		8851BF7424546EB20091C925 /* MainViewController.swift */ = {isa = PBXFileReference; lastKnownFileType = sourcecode.swift; path = MainViewController.swift; sourceTree = "<group>"; };
		8851BF7724546EB20091C925 /* Base */ = {isa = PBXFileReference; lastKnownFileType = file.storyboard; name = Base; path = Base.lproj/Main.storyboard; sourceTree = "<group>"; };
		8851BF7924546EB30091C925 /* Assets.xcassets */ = {isa = PBXFileReference; lastKnownFileType = folder.assetcatalog; path = Assets.xcassets; sourceTree = "<group>"; };
		8851BF7C24546EB30091C925 /* Base */ = {isa = PBXFileReference; lastKnownFileType = file.storyboard; name = Base; path = Base.lproj/LaunchScreen.storyboard; sourceTree = "<group>"; };
		8851BF7E24546EB30091C925 /* Info.plist */ = {isa = PBXFileReference; lastKnownFileType = text.plist.xml; path = Info.plist; sourceTree = "<group>"; };
		8851BF8324546EB30091C925 /* awesome-train-plannerTests.xctest */ = {isa = PBXFileReference; explicitFileType = wrapper.cfbundle; includeInIndex = 0; path = "awesome-train-plannerTests.xctest"; sourceTree = BUILT_PRODUCTS_DIR; };
		8851BF8724546EB30091C925 /* awesome_train_plannerTests.swift */ = {isa = PBXFileReference; lastKnownFileType = sourcecode.swift; path = awesome_train_plannerTests.swift; sourceTree = "<group>"; };
		8851BF8924546EB30091C925 /* Info.plist */ = {isa = PBXFileReference; lastKnownFileType = text.plist.xml; path = Info.plist; sourceTree = "<group>"; };
		8851BF8E24546EB30091C925 /* awesome-train-plannerUITests.xctest */ = {isa = PBXFileReference; explicitFileType = wrapper.cfbundle; includeInIndex = 0; path = "awesome-train-plannerUITests.xctest"; sourceTree = BUILT_PRODUCTS_DIR; };
		8851BF9224546EB30091C925 /* awesome_train_plannerUITests.swift */ = {isa = PBXFileReference; lastKnownFileType = sourcecode.swift; path = awesome_train_plannerUITests.swift; sourceTree = "<group>"; };
		8851BF9424546EB40091C925 /* Info.plist */ = {isa = PBXFileReference; lastKnownFileType = text.plist.xml; path = Info.plist; sourceTree = "<group>"; };
/* End PBXFileReference section */

/* Begin PBXFrameworksBuildPhase section */
		8851BF6A24546EB20091C925 /* Frameworks */ = {
			isa = PBXFrameworksBuildPhase;
			buildActionMask = 2147483647;
			files = (
			);
			runOnlyForDeploymentPostprocessing = 0;
		};
		8851BF8024546EB30091C925 /* Frameworks */ = {
			isa = PBXFrameworksBuildPhase;
			buildActionMask = 2147483647;
			files = (
			);
			runOnlyForDeploymentPostprocessing = 0;
		};
		8851BF8B24546EB30091C925 /* Frameworks */ = {
			isa = PBXFrameworksBuildPhase;
			buildActionMask = 2147483647;
			files = (
			);
			runOnlyForDeploymentPostprocessing = 0;
		};
/* End PBXFrameworksBuildPhase section */

/* Begin PBXGroup section */
		8851BF6424546EB20091C925 = {
			isa = PBXGroup;
			children = (
				8851BF6F24546EB20091C925 /* awesome-train-planner */,
				8851BF8624546EB30091C925 /* awesome-train-plannerTests */,
				8851BF9124546EB30091C925 /* awesome-train-plannerUITests */,
				8851BF6E24546EB20091C925 /* Products */,
			);
			sourceTree = "<group>";
		};
		8851BF6E24546EB20091C925 /* Products */ = {
			isa = PBXGroup;
			children = (
				8851BF6D24546EB20091C925 /* awesome-train-planner.app */,
				8851BF8324546EB30091C925 /* awesome-train-plannerTests.xctest */,
				8851BF8E24546EB30091C925 /* awesome-train-plannerUITests.xctest */,
			);
			name = Products;
			sourceTree = "<group>";
		};
		8851BF6F24546EB20091C925 /* awesome-train-planner */ = {
			isa = PBXGroup;
			children = (
				8851BFA2245475370091C925 /* Models */,
				8851BFA02454752B0091C925 /* ViewControllers */,
				8851BFA32454755E0091C925 /* ViewModels */,
				8851BFA1245475320091C925 /* Views */,
				8851BF7024546EB20091C925 /* AppDelegate.swift */,
				8851BF7224546EB20091C925 /* SceneDelegate.swift */,
				8851BF7924546EB30091C925 /* Assets.xcassets */,
				8851BF7B24546EB30091C925 /* LaunchScreen.storyboard */,
				8851BF7E24546EB30091C925 /* Info.plist */,
			);
			path = "awesome-train-planner";
			sourceTree = "<group>";
		};
		8851BF8624546EB30091C925 /* awesome-train-plannerTests */ = {
			isa = PBXGroup;
			children = (
				8851BF8724546EB30091C925 /* awesome_train_plannerTests.swift */,
				8851BF8924546EB30091C925 /* Info.plist */,
			);
			path = "awesome-train-plannerTests";
			sourceTree = "<group>";
		};
		8851BF9124546EB30091C925 /* awesome-train-plannerUITests */ = {
			isa = PBXGroup;
			children = (
				8851BF9224546EB30091C925 /* awesome_train_plannerUITests.swift */,
				8851BF9424546EB40091C925 /* Info.plist */,
			);
			path = "awesome-train-plannerUITests";
			sourceTree = "<group>";
		};
		8851BFA02454752B0091C925 /* ViewControllers */ = {
			isa = PBXGroup;
			children = (
				8851BF7424546EB20091C925 /* MainViewController.swift */,
				8851BF7624546EB20091C925 /* Main.storyboard */,
			);
			path = ViewControllers;
			sourceTree = "<group>";
		};
		8851BFA1245475320091C925 /* Views */ = {
			isa = PBXGroup;
			children = (
			);
			path = Views;
			sourceTree = "<group>";
		};
		8851BFA2245475370091C925 /* Models */ = {
			isa = PBXGroup;
			children = (
			);
			path = Models;
			sourceTree = "<group>";
		};
		8851BFA32454755E0091C925 /* ViewModels */ = {
			isa = PBXGroup;
			children = (
			);
			path = ViewModels;
			sourceTree = "<group>";
		};
/* End PBXGroup section */

/* Begin PBXNativeTarget section */
		8851BF6C24546EB20091C925 /* awesome-train-planner */ = {
			isa = PBXNativeTarget;
			buildConfigurationList = 8851BF9724546EB40091C925 /* Build configuration list for PBXNativeTarget "awesome-train-planner" */;
			buildPhases = (
				8851BF6924546EB20091C925 /* Sources */,
				8851BF6A24546EB20091C925 /* Frameworks */,
				8851BF6B24546EB20091C925 /* Resources */,
			);
			buildRules = (
			);
			dependencies = (
			);
			name = "awesome-train-planner";
			productName = "awesome-train-planner";
			productReference = 8851BF6D24546EB20091C925 /* awesome-train-planner.app */;
			productType = "com.apple.product-type.application";
		};
		8851BF8224546EB30091C925 /* awesome-train-plannerTests */ = {
			isa = PBXNativeTarget;
			buildConfigurationList = 8851BF9A24546EB40091C925 /* Build configuration list for PBXNativeTarget "awesome-train-plannerTests" */;
			buildPhases = (
				8851BF7F24546EB30091C925 /* Sources */,
				8851BF8024546EB30091C925 /* Frameworks */,
				8851BF8124546EB30091C925 /* Resources */,
			);
			buildRules = (
			);
			dependencies = (
				8851BF8524546EB30091C925 /* PBXTargetDependency */,
			);
			name = "awesome-train-plannerTests";
			productName = "awesome-train-plannerTests";
			productReference = 8851BF8324546EB30091C925 /* awesome-train-plannerTests.xctest */;
			productType = "com.apple.product-type.bundle.unit-test";
		};
		8851BF8D24546EB30091C925 /* awesome-train-plannerUITests */ = {
			isa = PBXNativeTarget;
			buildConfigurationList = 8851BF9D24546EB40091C925 /* Build configuration list for PBXNativeTarget "awesome-train-plannerUITests" */;
			buildPhases = (
				8851BF8A24546EB30091C925 /* Sources */,
				8851BF8B24546EB30091C925 /* Frameworks */,
				8851BF8C24546EB30091C925 /* Resources */,
			);
			buildRules = (
			);
			dependencies = (
				8851BF9024546EB30091C925 /* PBXTargetDependency */,
			);
			name = "awesome-train-plannerUITests";
			productName = "awesome-train-plannerUITests";
			productReference = 8851BF8E24546EB30091C925 /* awesome-train-plannerUITests.xctest */;
			productType = "com.apple.product-type.bundle.ui-testing";
		};
/* End PBXNativeTarget section */

/* Begin PBXProject section */
		8851BF6524546EB20091C925 /* Project object */ = {
			isa = PBXProject;
			attributes = {
				LastSwiftUpdateCheck = 1140;
				LastUpgradeCheck = 1140;
				ORGANIZATIONNAME = "Vladimir Amiorkov";
				TargetAttributes = {
					8851BF6C24546EB20091C925 = {
						CreatedOnToolsVersion = 11.4.1;
					};
					8851BF8224546EB30091C925 = {
						CreatedOnToolsVersion = 11.4.1;
						TestTargetID = 8851BF6C24546EB20091C925;
					};
					8851BF8D24546EB30091C925 = {
						CreatedOnToolsVersion = 11.4.1;
						TestTargetID = 8851BF6C24546EB20091C925;
					};
				};
			};
			buildConfigurationList = 8851BF6824546EB20091C925 /* Build configuration list for PBXProject "awesome-train-planner" */;
			compatibilityVersion = "Xcode 9.3";
			developmentRegion = en;
			hasScannedForEncodings = 0;
			knownRegions = (
				en,
				Base,
			);
			mainGroup = 8851BF6424546EB20091C925;
			productRefGroup = 8851BF6E24546EB20091C925 /* Products */;
			projectDirPath = "";
			projectRoot = "";
			targets = (
				8851BF6C24546EB20091C925 /* awesome-train-planner */,
				8851BF8224546EB30091C925 /* awesome-train-plannerTests */,
				8851BF8D24546EB30091C925 /* awesome-train-plannerUITests */,
			);
		};
/* End PBXProject section */

/* Begin PBXResourcesBuildPhase section */
		8851BF6B24546EB20091C925 /* Resources */ = {
			isa = PBXResourcesBuildPhase;
			buildActionMask = 2147483647;
			files = (
				8851BF7D24546EB30091C925 /* LaunchScreen.storyboard in Resources */,
				8851BF7A24546EB30091C925 /* Assets.xcassets in Resources */,
				8851BF7824546EB20091C925 /* Main.storyboard in Resources */,
			);
			runOnlyForDeploymentPostprocessing = 0;
		};
		8851BF8124546EB30091C925 /* Resources */ = {
			isa = PBXResourcesBuildPhase;
			buildActionMask = 2147483647;
			files = (
			);
			runOnlyForDeploymentPostprocessing = 0;
		};
		8851BF8C24546EB30091C925 /* Resources */ = {
			isa = PBXResourcesBuildPhase;
			buildActionMask = 2147483647;
			files = (
			);
			runOnlyForDeploymentPostprocessing = 0;
		};
/* End PBXResourcesBuildPhase section */

/* Begin PBXSourcesBuildPhase section */
		8851BF6924546EB20091C925 /* Sources */ = {
			isa = PBXSourcesBuildPhase;
			buildActionMask = 2147483647;
			files = (
				8851BF7524546EB20091C925 /* MainViewController.swift in Sources */,
				8851BF7124546EB20091C925 /* AppDelegate.swift in Sources */,
				8851BF7324546EB20091C925 /* SceneDelegate.swift in Sources */,
			);
			runOnlyForDeploymentPostprocessing = 0;
		};
		8851BF7F24546EB30091C925 /* Sources */ = {
			isa = PBXSourcesBuildPhase;
			buildActionMask = 2147483647;
			files = (
				8851BF8824546EB30091C925 /* awesome_train_plannerTests.swift in Sources */,
			);
			runOnlyForDeploymentPostprocessing = 0;
		};
		8851BF8A24546EB30091C925 /* Sources */ = {
			isa = PBXSourcesBuildPhase;
			buildActionMask = 2147483647;
			files = (
				8851BF9324546EB30091C925 /* awesome_train_plannerUITests.swift in Sources */,
			);
			runOnlyForDeploymentPostprocessing = 0;
		};
/* End PBXSourcesBuildPhase section */

/* Begin PBXTargetDependency section */
		8851BF8524546EB30091C925 /* PBXTargetDependency */ = {
			isa = PBXTargetDependency;
			target = 8851BF6C24546EB20091C925 /* awesome-train-planner */;
			targetProxy = 8851BF8424546EB30091C925 /* PBXContainerItemProxy */;
		};
		8851BF9024546EB30091C925 /* PBXTargetDependency */ = {
			isa = PBXTargetDependency;
			target = 8851BF6C24546EB20091C925 /* awesome-train-planner */;
			targetProxy = 8851BF8F24546EB30091C925 /* PBXContainerItemProxy */;
		};
/* End PBXTargetDependency section */

/* Begin PBXVariantGroup section */
		8851BF7624546EB20091C925 /* Main.storyboard */ = {
			isa = PBXVariantGroup;
			children = (
				8851BF7724546EB20091C925 /* Base */,
			);
			name = Main.storyboard;
			sourceTree = "<group>";
		};
		8851BF7B24546EB30091C925 /* LaunchScreen.storyboard */ = {
			isa = PBXVariantGroup;
			children = (
				8851BF7C24546EB30091C925 /* Base */,
			);
			name = LaunchScreen.storyboard;
			sourceTree = "<group>";
		};
/* End PBXVariantGroup section */

/* Begin XCBuildConfiguration section */
		8851BF9524546EB40091C925 /* Debug */ = {
			isa = XCBuildConfiguration;
			buildSettings = {
				ALWAYS_SEARCH_USER_PATHS = NO;
				CLANG_ANALYZER_NONNULL = YES;
				CLANG_ANALYZER_NUMBER_OBJECT_CONVERSION = YES_AGGRESSIVE;
				CLANG_CXX_LANGUAGE_STANDARD = "gnu++14";
				CLANG_CXX_LIBRARY = "libc++";
				CLANG_ENABLE_MODULES = YES;
				CLANG_ENABLE_OBJC_ARC = YES;
				CLANG_ENABLE_OBJC_WEAK = YES;
				CLANG_WARN_BLOCK_CAPTURE_AUTORELEASING = YES;
				CLANG_WARN_BOOL_CONVERSION = YES;
				CLANG_WARN_COMMA = YES;
				CLANG_WARN_CONSTANT_CONVERSION = YES;
				CLANG_WARN_DEPRECATED_OBJC_IMPLEMENTATIONS = YES;
				CLANG_WARN_DIRECT_OBJC_ISA_USAGE = YES_ERROR;
				CLANG_WARN_DOCUMENTATION_COMMENTS = YES;
				CLANG_WARN_EMPTY_BODY = YES;
				CLANG_WARN_ENUM_CONVERSION = YES;
				CLANG_WARN_INFINITE_RECURSION = YES;
				CLANG_WARN_INT_CONVERSION = YES;
				CLANG_WARN_NON_LITERAL_NULL_CONVERSION = YES;
				CLANG_WARN_OBJC_IMPLICIT_RETAIN_SELF = YES;
				CLANG_WARN_OBJC_LITERAL_CONVERSION = YES;
				CLANG_WARN_OBJC_ROOT_CLASS = YES_ERROR;
				CLANG_WARN_RANGE_LOOP_ANALYSIS = YES;
				CLANG_WARN_STRICT_PROTOTYPES = YES;
				CLANG_WARN_SUSPICIOUS_MOVE = YES;
				CLANG_WARN_UNGUARDED_AVAILABILITY = YES_AGGRESSIVE;
				CLANG_WARN_UNREACHABLE_CODE = YES;
				CLANG_WARN__DUPLICATE_METHOD_MATCH = YES;
				COPY_PHASE_STRIP = NO;
				DEBUG_INFORMATION_FORMAT = dwarf;
				ENABLE_STRICT_OBJC_MSGSEND = YES;
				ENABLE_TESTABILITY = YES;
				GCC_C_LANGUAGE_STANDARD = gnu11;
				GCC_DYNAMIC_NO_PIC = NO;
				GCC_NO_COMMON_BLOCKS = YES;
				GCC_OPTIMIZATION_LEVEL = 0;
				GCC_PREPROCESSOR_DEFINITIONS = (
					"DEBUG=1",
					"$(inherited)",
				);
				GCC_WARN_64_TO_32_BIT_CONVERSION = YES;
				GCC_WARN_ABOUT_RETURN_TYPE = YES_ERROR;
				GCC_WARN_UNDECLARED_SELECTOR = YES;
				GCC_WARN_UNINITIALIZED_AUTOS = YES_AGGRESSIVE;
				GCC_WARN_UNUSED_FUNCTION = YES;
				GCC_WARN_UNUSED_VARIABLE = YES;
				IPHONEOS_DEPLOYMENT_TARGET = 13.4;
				MTL_ENABLE_DEBUG_INFO = INCLUDE_SOURCE;
				MTL_FAST_MATH = YES;
				ONLY_ACTIVE_ARCH = YES;
				SDKROOT = iphoneos;
				SWIFT_ACTIVE_COMPILATION_CONDITIONS = DEBUG;
				SWIFT_OPTIMIZATION_LEVEL = "-Onone";
			};
			name = Debug;
		};
		8851BF9624546EB40091C925 /* Release */ = {
			isa = XCBuildConfiguration;
			buildSettings = {
				ALWAYS_SEARCH_USER_PATHS = NO;
				CLANG_ANALYZER_NONNULL = YES;
				CLANG_ANALYZER_NUMBER_OBJECT_CONVERSION = YES_AGGRESSIVE;
				CLANG_CXX_LANGUAGE_STANDARD = "gnu++14";
				CLANG_CXX_LIBRARY = "libc++";
				CLANG_ENABLE_MODULES = YES;
				CLANG_ENABLE_OBJC_ARC = YES;
				CLANG_ENABLE_OBJC_WEAK = YES;
				CLANG_WARN_BLOCK_CAPTURE_AUTORELEASING = YES;
				CLANG_WARN_BOOL_CONVERSION = YES;
				CLANG_WARN_COMMA = YES;
				CLANG_WARN_CONSTANT_CONVERSION = YES;
				CLANG_WARN_DEPRECATED_OBJC_IMPLEMENTATIONS = YES;
				CLANG_WARN_DIRECT_OBJC_ISA_USAGE = YES_ERROR;
				CLANG_WARN_DOCUMENTATION_COMMENTS = YES;
				CLANG_WARN_EMPTY_BODY = YES;
				CLANG_WARN_ENUM_CONVERSION = YES;
				CLANG_WARN_INFINITE_RECURSION = YES;
				CLANG_WARN_INT_CONVERSION = YES;
				CLANG_WARN_NON_LITERAL_NULL_CONVERSION = YES;
				CLANG_WARN_OBJC_IMPLICIT_RETAIN_SELF = YES;
				CLANG_WARN_OBJC_LITERAL_CONVERSION = YES;
				CLANG_WARN_OBJC_ROOT_CLASS = YES_ERROR;
				CLANG_WARN_RANGE_LOOP_ANALYSIS = YES;
				CLANG_WARN_STRICT_PROTOTYPES = YES;
				CLANG_WARN_SUSPICIOUS_MOVE = YES;
				CLANG_WARN_UNGUARDED_AVAILABILITY = YES_AGGRESSIVE;
				CLANG_WARN_UNREACHABLE_CODE = YES;
				CLANG_WARN__DUPLICATE_METHOD_MATCH = YES;
				COPY_PHASE_STRIP = NO;
				DEBUG_INFORMATION_FORMAT = "dwarf-with-dsym";
				ENABLE_NS_ASSERTIONS = NO;
				ENABLE_STRICT_OBJC_MSGSEND = YES;
				GCC_C_LANGUAGE_STANDARD = gnu11;
				GCC_NO_COMMON_BLOCKS = YES;
				GCC_WARN_64_TO_32_BIT_CONVERSION = YES;
				GCC_WARN_ABOUT_RETURN_TYPE = YES_ERROR;
				GCC_WARN_UNDECLARED_SELECTOR = YES;
				GCC_WARN_UNINITIALIZED_AUTOS = YES_AGGRESSIVE;
				GCC_WARN_UNUSED_FUNCTION = YES;
				GCC_WARN_UNUSED_VARIABLE = YES;
				IPHONEOS_DEPLOYMENT_TARGET = 13.4;
				MTL_ENABLE_DEBUG_INFO = NO;
				MTL_FAST_MATH = YES;
				SDKROOT = iphoneos;
				SWIFT_COMPILATION_MODE = wholemodule;
				SWIFT_OPTIMIZATION_LEVEL = "-O";
				VALIDATE_PRODUCT = YES;
			};
			name = Release;
		};
		8851BF9824546EB40091C925 /* Debug */ = {
			isa = XCBuildConfiguration;
			buildSettings = {
				ASSETCATALOG_COMPILER_APPICON_NAME = AppIcon;
				CODE_SIGN_STYLE = Automatic;
				INFOPLIST_FILE = "awesome-train-planner/Info.plist";
				LD_RUNPATH_SEARCH_PATHS = (
					"$(inherited)",
					"@executable_path/Frameworks",
				);
				PRODUCT_BUNDLE_IDENTIFIER = "amiorkov.awesome-train-planner";
				PRODUCT_NAME = "$(TARGET_NAME)";
				SWIFT_VERSION = 5.0;
				TARGETED_DEVICE_FAMILY = "1,2";
			};
			name = Debug;
		};
		8851BF9924546EB40091C925 /* Release */ = {
			isa = XCBuildConfiguration;
			buildSettings = {
				ASSETCATALOG_COMPILER_APPICON_NAME = AppIcon;
				CODE_SIGN_STYLE = Automatic;
				INFOPLIST_FILE = "awesome-train-planner/Info.plist";
				LD_RUNPATH_SEARCH_PATHS = (
					"$(inherited)",
					"@executable_path/Frameworks",
				);
				PRODUCT_BUNDLE_IDENTIFIER = "amiorkov.awesome-train-planner";
				PRODUCT_NAME = "$(TARGET_NAME)";
				SWIFT_VERSION = 5.0;
				TARGETED_DEVICE_FAMILY = "1,2";
			};
			name = Release;
		};
		8851BF9B24546EB40091C925 /* Debug */ = {
			isa = XCBuildConfiguration;
			buildSettings = {
				ALWAYS_EMBED_SWIFT_STANDARD_LIBRARIES = YES;
				BUNDLE_LOADER = "$(TEST_HOST)";
				CODE_SIGN_STYLE = Automatic;
				INFOPLIST_FILE = "awesome-train-plannerTests/Info.plist";
				IPHONEOS_DEPLOYMENT_TARGET = 13.4;
				LD_RUNPATH_SEARCH_PATHS = (
					"$(inherited)",
					"@executable_path/Frameworks",
					"@loader_path/Frameworks",
				);
				PRODUCT_BUNDLE_IDENTIFIER = "amiorkov.awesome-train-plannerTests";
				PRODUCT_NAME = "$(TARGET_NAME)";
				SWIFT_VERSION = 5.0;
				TARGETED_DEVICE_FAMILY = "1,2";
				TEST_HOST = "$(BUILT_PRODUCTS_DIR)/awesome-train-planner.app/awesome-train-planner";
			};
			name = Debug;
		};
		8851BF9C24546EB40091C925 /* Release */ = {
			isa = XCBuildConfiguration;
			buildSettings = {
				ALWAYS_EMBED_SWIFT_STANDARD_LIBRARIES = YES;
				BUNDLE_LOADER = "$(TEST_HOST)";
				CODE_SIGN_STYLE = Automatic;
				INFOPLIST_FILE = "awesome-train-plannerTests/Info.plist";
				IPHONEOS_DEPLOYMENT_TARGET = 13.4;
				LD_RUNPATH_SEARCH_PATHS = (
					"$(inherited)",
					"@executable_path/Frameworks",
					"@loader_path/Frameworks",
				);
				PRODUCT_BUNDLE_IDENTIFIER = "amiorkov.awesome-train-plannerTests";
				PRODUCT_NAME = "$(TARGET_NAME)";
				SWIFT_VERSION = 5.0;
				TARGETED_DEVICE_FAMILY = "1,2";
				TEST_HOST = "$(BUILT_PRODUCTS_DIR)/awesome-train-planner.app/awesome-train-planner";
			};
			name = Release;
		};
		8851BF9E24546EB40091C925 /* Debug */ = {
			isa = XCBuildConfiguration;
			buildSettings = {
				ALWAYS_EMBED_SWIFT_STANDARD_LIBRARIES = YES;
				CODE_SIGN_STYLE = Automatic;
				INFOPLIST_FILE = "awesome-train-plannerUITests/Info.plist";
				LD_RUNPATH_SEARCH_PATHS = (
					"$(inherited)",
					"@executable_path/Frameworks",
					"@loader_path/Frameworks",
				);
				PRODUCT_BUNDLE_IDENTIFIER = "amiorkov.awesome-train-plannerUITests";
				PRODUCT_NAME = "$(TARGET_NAME)";
				SWIFT_VERSION = 5.0;
				TARGETED_DEVICE_FAMILY = "1,2";
				TEST_TARGET_NAME = "awesome-train-planner";
			};
			name = Debug;
		};
		8851BF9F24546EB40091C925 /* Release */ = {
			isa = XCBuildConfiguration;
			buildSettings = {
				ALWAYS_EMBED_SWIFT_STANDARD_LIBRARIES = YES;
				CODE_SIGN_STYLE = Automatic;
				INFOPLIST_FILE = "awesome-train-plannerUITests/Info.plist";
				LD_RUNPATH_SEARCH_PATHS = (
					"$(inherited)",
					"@executable_path/Frameworks",
					"@loader_path/Frameworks",
				);
				PRODUCT_BUNDLE_IDENTIFIER = "amiorkov.awesome-train-plannerUITests";
				PRODUCT_NAME = "$(TARGET_NAME)";
				SWIFT_VERSION = 5.0;
				TARGETED_DEVICE_FAMILY = "1,2";
				TEST_TARGET_NAME = "awesome-train-planner";
			};
			name = Release;
		};
/* End XCBuildConfiguration section */

/* Begin XCConfigurationList section */
		8851BF6824546EB20091C925 /* Build configuration list for PBXProject "awesome-train-planner" */ = {
			isa = XCConfigurationList;
			buildConfigurations = (
				8851BF9524546EB40091C925 /* Debug */,
				8851BF9624546EB40091C925 /* Release */,
			);
			defaultConfigurationIsVisible = 0;
			defaultConfigurationName = Release;
		};
		8851BF9724546EB40091C925 /* Build configuration list for PBXNativeTarget "awesome-train-planner" */ = {
			isa = XCConfigurationList;
			buildConfigurations = (
				8851BF9824546EB40091C925 /* Debug */,
				8851BF9924546EB40091C925 /* Release */,
			);
			defaultConfigurationIsVisible = 0;
			defaultConfigurationName = Release;
		};
		8851BF9A24546EB40091C925 /* Build configuration list for PBXNativeTarget "awesome-train-plannerTests" */ = {
			isa = XCConfigurationList;
			buildConfigurations = (
				8851BF9B24546EB40091C925 /* Debug */,
				8851BF9C24546EB40091C925 /* Release */,
			);
			defaultConfigurationIsVisible = 0;
			defaultConfigurationName = Release;
		};
		8851BF9D24546EB40091C925 /* Build configuration list for PBXNativeTarget "awesome-train-plannerUITests" */ = {
			isa = XCConfigurationList;
			buildConfigurations = (
				8851BF9E24546EB40091C925 /* Debug */,
				8851BF9F24546EB40091C925 /* Release */,
			);
			defaultConfigurationIsVisible = 0;
			defaultConfigurationName = Release;
		};
/* End XCConfigurationList section */
	};
	rootObject = 8851BF6524546EB20091C925 /* Project object */;
}
